{
  "version": 1,
  "dependencies": {
    "net8.0-windows7.0": {
      "CommunityToolkit.Mvvm": {
        "type": "Direct",
        "requested": "[8.4.0, )",
        "resolved": "8.4.0",
        "contentHash": "tqVU8yc/ADO9oiTRyTnwhFN68hCwvkliMierptWOudIAvWY1mWCh5VFh+guwHJmpMwfg0J0rY+yyd5Oy7ty9Uw=="
      },
      "Markdig": {
        "type": "Direct",
        "requested": "[1.3.2, )",
        "resolved": "1.3.2",
        "contentHash": "fZgOC/3CswUrndjDTac70aQpYdtxbW5+5bRumR7vzvI2HJbkmgKisB1c9oT+GA6v0jB/JDR9BLa9FiPzQmaK6A=="
      },
      "MediaDevices": {
        "type": "Direct",
        "requested": "[1.10.0, )",
        "resolved": "1.10.0",
        "contentHash": "CMiUO/PJQM9zXBwd7cpLYliEM7vB8cnzkS1rGVb9kahe9LAvZqIWeq+lCWIU6DyfjcsQBhBoby2bZ5WukuyD3A=="
      },
      "Microsoft.Web.WebView2": {
        "type": "Direct",
        "requested": "[1.0.4129.50, )",
        "resolved": "1.0.4129.50",
        "contentHash": "BuJC70c7SCl8wlvojLZbc/E5ONmGyG3fhAMmpftCpKerxae//TxgKOTELRK2QRD7m7jigNFQRf6cfVT3ZiIQoQ=="
      },
      "SharpCompress": {
        "type": "Direct",
        "requested": "[0.50.3, )",
        "resolved": "0.50.3",
        "contentHash": "xxpO3UQ7JTtl2CjsCLZqvThjGx7ETcgH93CuzOGnTrspG5C3NmMnTIvyUG3YRh3hSysQm3UQEiXBKF3zOmKPwQ=="
      },
      "SSH.NET": {
        "type": "Direct",
        "requested": "[2026.0.0, )",
        "resolved": "2026.0.0",
        "contentHash": "Yu9dirPq8l3oaat0+OQ7K0nUf5MmYltpia5UGqsApTG4zTPvBC1cxbNnC3NERij26dUST0A3Ef1QdHSn5ArbWQ==",
        "dependencies": {
          "BouncyCastle.Cryptography": "2.7.0",
          "Microsoft.Extensions.Logging.Abstractions": "8.0.3"
        }
      },
      "System.IO.Hashing": {
        "type": "Direct",
        "requested": "[8.0.0, )",
        "resolved": "8.0.0",
        "contentHash": "ne1843evDugl0md7Fjzy6QjJrzsjh46ZKbhf8GwBXb5f/gw97J4bxMs0NQKifDuThh/f0bZ0e62NPl1jzTuRqA=="
      },
      "System.Text.Encoding.CodePages": {
        "type": "Direct",
        "requested": "[10.0.10, )",
        "resolved": "10.0.10",
        "contentHash": "9dngR7sk2fW/FEbrTCSYNGjsv5IyJnZy9+LI39+55pci5ngiZrjqSkQbIMfZnsrJnyGzCFcQgrAA8sMqsXydyQ=="
      },
      "BouncyCastle.Cryptography": {
        "type": "Transitive",
        "resolved": "2.7.0",
        "contentHash": "U+12df8UEWHgBi04YVf/Lgi2dy3SItlIYvHjjEVa/BngCQIzDCDRBk50DDByCfDvSbe5pRNFr3b7UrVK2kMcLw=="
      },
      "Microsoft.Extensions.DependencyInjection.Abstractions": {
        "type": "Transitive",
        "resolved": "8.0.2",
        "contentHash": "3iE7UF7MQkCv1cxzCahz+Y/guQbTqieyxyaWKhrRO91itI9cOKO76OHeQDahqG4MmW5umr3CcCvGmK92lWNlbg=="
      },
      "Microsoft.Extensions.Logging.Abstractions": {
        "type": "Transitive",
        "resolved": "8.0.3",
        "contentHash": "dL0QGToTxggRLMYY4ZYX5AMwBb+byQBd/5dMiZE07Nv73o6I5Are3C7eQTh7K2+A4ct0PVISSr7TZANbiNb2yQ==",
        "dependencies": {
          "Microsoft.Extensions.DependencyInjection.Abstractions": "8.0.2"
        }
      }
    }
  }
}